
Microsoft Visual Studio Solution File, Format Version 12.00
# Visual Studio Version 16
VisualStudioVersion = 16.0.29324.140
MinimumVisualStudioVersion = 10.0.40219.1
Project("{9A19103F-16F7-4668-BE54-9A1E7A4F7556}") = "Common", "Common\Common.csproj", "{3996215C-17B6-446A-8CB9-0EE5FDB607A4}"
EndProject
Project("{2150E333-8FDC-42A3-9474-1A3956D46DE8}") = "Shared", "Shared", "{223E04CB-451C-4F35-A347-F49020661227}"
EndProject
Project("{2150E333-8FDC-42A3-9474-1A3956D46DE8}") = "04-Data Storage", "04-Data Storage", "{AD2A3632-5FF2-4ADB-B829-BECF475FBAF4}"
EndProject
Project("{9A19103F-16F7-4668-BE54-9A1E7A4F7556}") = "People.Service", "People.Service\People.Service.csproj", "{F12B9871-8599-4BA7-A0CC-C25EF1C4EE77}"
EndProject
Project("{2150E333-8FDC-42A3-9474-1A3956D46DE8}") = "03-Data Access", "03-Data Access", "{3A094FBC-A45F-4BFC-AAFD-D1FC6CA20461}"
EndProject
Project("{9A19103F-16F7-4668-BE54-9A1E7A4F7556}") = "PersonReader.Service", "PersonReader.Service\PersonReader.Service.csproj", "{7102886E-E89C-46E8-801B-4A87EFAA70AD}"
EndProject
Project("{2150E333-8FDC-42A3-9474-1A3956D46DE8}") = "02-Presentation", "02-Presentation", "{02571869-22F1-42D3-B655-B5358E09B793}"
EndProject
Project("{9A19103F-16F7-4668-BE54-9A1E7A4F7556}") = "PeopleViewer.Presentation", "PeopleViewer.Presentation\PeopleViewer.Presentation.csproj", "{C5C0C88B-1FF4-478D-B2A4-ECAAE141D7E0}"
EndProject
Project("{2150E333-8FDC-42A3-9474-1A3956D46DE8}") = "00-Application", "00-Application", "{2E32AC25-4B53-4BCD-902A-1EE9141B4A82}"
EndProject
Project("{9A19103F-16F7-4668-BE54-9A1E7A4F7556}") = "PeopleViewer", "PeopleViewer\PeopleViewer.csproj", "{D11C3312-3060-4327-9EDA-50863862A098}"
EndProject
Project("{2150E333-8FDC-42A3-9474-1A3956D46DE8}") = "01-View", "01-View", "{B48397A0-B142-46DC-83B3-CDD64EA70885}"
EndProject
Project("{9A19103F-16F7-4668-BE54-9A1E7A4F7556}") = "PeopleViewer.View", "PeopleViewer.View\PeopleViewer.View.csproj", "{3B61E5D8-EB93-41BB-8E94-27BE47D7CF5E}"
EndProject
Project("{9A19103F-16F7-4668-BE54-9A1E7A4F7556}") = "PersonReader.CSV", "PersonReader.CSV\PersonReader.CSV.csproj", "{D6981F63-1A29-4602-B0A6-66DD5277E594}"
EndProject
Project("{9A19103F-16F7-4668-BE54-9A1E7A4F7556}") = "PersonReader.Caching", "PersonReader.Caching\PersonReader.Caching.csproj", "{2E0D556B-0DFA-490A-AB0C-826FEDDB5B84}"
EndProject
Project("{9A19103F-16F7-4668-BE54-9A1E7A4F7556}") = "PeopleViewer.Presentation.Tests", "PeopleViewer.Presentation.Tests\PeopleViewer.Presentation.Tests.csproj", "{661E5F6D-AACD-4EE8-A2EB-562E8ADF7288}"
EndProject
Project("{FAE04EC0-301F-11D3-BF4B-00C04F79EFBC}") = "PersonReader.CSV.Tests", "PersonReader.CSV.Tests\PersonReader.CSV.Tests.csproj", "{AA508322-5AD5-4E1A-977C-1153A654C8AB}"
EndProject
Global
	GlobalSection(SolutionConfigurationPlatforms) = preSolution
		Debug|Any CPU = Debug|Any CPU
		Release|Any CPU = Release|Any CPU
	EndGlobalSection
	GlobalSection(ProjectConfigurationPlatforms) = postSolution
		{3996215C-17B6-446A-8CB9-0EE5FDB607A4}.Debug|Any CPU.ActiveCfg = Debug|Any CPU
		{3996215C-17B6-446A-8CB9-0EE5FDB607A4}.Debug|Any CPU.Build.0 = Debug|Any CPU
		{3996215C-17B6-446A-8CB9-0EE5FDB607A4}.Release|Any CPU.ActiveCfg = Release|Any CPU
		{3996215C-17B6-446A-8CB9-0EE5FDB607A4}.Release|Any CPU.Build.0 = Release|Any CPU
		{F12B9871-8599-4BA7-A0CC-C25EF1C4EE77}.Debug|Any CPU.ActiveCfg = Debug|Any CPU
		{F12B9871-8599-4BA7-A0CC-C25EF1C4EE77}.Debug|Any CPU.Build.0 = Debug|Any CPU
		{F12B9871-8599-4BA7-A0CC-C25EF1C4EE77}.Release|Any CPU.ActiveCfg = Release|Any CPU
		{F12B9871-8599-4BA7-A0CC-C25EF1C4EE77}.Release|Any CPU.Build.0 = Release|Any CPU
		{7102886E-E89C-46E8-801B-4A87EFAA70AD}.Debug|Any CPU.ActiveCfg = Debug|Any CPU
		{7102886E-E89C-46E8-801B-4A87EFAA70AD}.Debug|Any CPU.Build.0 = Debug|Any CPU
		{7102886E-E89C-46E8-801B-4A87EFAA70AD}.Release|Any CPU.ActiveCfg = Release|Any CPU
		{7102886E-E89C-46E8-801B-4A87EFAA70AD}.Release|Any CPU.Build.0 = Release|Any CPU
		{C5C0C88B-1FF4-478D-B2A4-ECAAE141D7E0}.Debug|Any CPU.ActiveCfg = Debug|Any CPU
		{C5C0C88B-1FF4-478D-B2A4-ECAAE141D7E0}.Debug|Any CPU.Build.0 = Debug|Any CPU
		{C5C0C88B-1FF4-478D-B2A4-ECAAE141D7E0}.Release|Any CPU.ActiveCfg = Release|Any CPU
		{C5C0C88B-1FF4-478D-B2A4-ECAAE141D7E0}.Release|Any CPU.Build.0 = Release|Any CPU
		{D11C3312-3060-4327-9EDA-50863862A098}.Debug|Any CPU.ActiveCfg = Debug|Any CPU
		{D11C3312-3060-4327-9EDA-50863862A098}.Debug|Any CPU.Build.0 = Debug|Any CPU
		{D11C3312-3060-4327-9EDA-50863862A098}.Release|Any CPU.ActiveCfg = Release|Any CPU
		{D11C3312-3060-4327-9EDA-50863862A098}.Release|Any CPU.Build.0 = Release|Any CPU
		{3B61E5D8-EB93-41BB-8E94-27BE47D7CF5E}.Debug|Any CPU.ActiveCfg = Debug|Any CPU
		{3B61E5D8-EB93-41BB-8E94-27BE47D7CF5E}.Debug|Any CPU.Build.0 = Debug|Any CPU
		{3B61E5D8-EB93-41BB-8E94-27BE47D7CF5E}.Release|Any CPU.ActiveCfg = Release|Any CPU
		{3B61E5D8-EB93-41BB-8E94-27BE47D7CF5E}.Release|Any CPU.Build.0 = Release|Any CPU
		{D6981F63-1A29-4602-B0A6-66DD5277E594}.Debug|Any CPU.ActiveCfg = Debug|Any CPU
		{D6981F63-1A29-4602-B0A6-66DD5277E594}.Debug|Any CPU.Build.0 = Debug|Any CPU
		{D6981F63-1A29-4602-B0A6-66DD5277E594}.Release|Any CPU.ActiveCfg = Release|Any CPU
		{D6981F63-1A29-4602-B0A6-66DD5277E594}.Release|Any CPU.Build.0 = Release|Any CPU
		{2E0D556B-0DFA-490A-AB0C-826FEDDB5B84}.Debug|Any CPU.ActiveCfg = Debug|Any CPU
		{2E0D556B-0DFA-490A-AB0C-826FEDDB5B84}.Debug|Any CPU.Build.0 = Debug|Any CPU
		{2E0D556B-0DFA-490A-AB0C-826FEDDB5B84}.Release|Any CPU.ActiveCfg = Release|Any CPU
		{2E0D556B-0DFA-490A-AB0C-826FEDDB5B84}.Release|Any CPU.Build.0 = Release|Any CPU
		{661E5F6D-AACD-4EE8-A2EB-562E8ADF7288}.Debug|Any CPU.ActiveCfg = Debug|Any CPU
		{661E5F6D-AACD-4EE8-A2EB-562E8ADF7288}.Debug|Any CPU.Build.0 = Debug|Any CPU
		{661E5F6D-AACD-4EE8-A2EB-562E8ADF7288}.Release|Any CPU.ActiveCfg = Release|Any CPU
		{661E5F6D-AACD-4EE8-A2EB-562E8ADF7288}.Release|Any CPU.Build.0 = Release|Any CPU
		{AA508322-5AD5-4E1A-977C-1153A654C8AB}.Debug|Any CPU.ActiveCfg = Debug|Any CPU
		{AA508322-5AD5-4E1A-977C-1153A654C8AB}.Debug|Any CPU.Build.0 = Debug|Any CPU
		{AA508322-5AD5-4E1A-977C-1153A654C8AB}.Release|Any CPU.ActiveCfg = Release|Any CPU
		{AA508322-5AD5-4E1A-977C-1153A654C8AB}.Release|Any CPU.Build.0 = Release|Any CPU
	EndGlobalSection
	GlobalSection(SolutionProperties) = preSolution
		HideSolutionNode = FALSE
	EndGlobalSection
	GlobalSection(NestedProjects) = preSolution
		{3996215C-17B6-446A-8CB9-0EE5FDB607A4} = {223E04CB-451C-4F35-A347-F49020661227}
		{F12B9871-8599-4BA7-A0CC-C25EF1C4EE77} = {AD2A3632-5FF2-4ADB-B829-BECF475FBAF4}
		{7102886E-E89C-46E8-801B-4A87EFAA70AD} = {3A094FBC-A45F-4BFC-AAFD-D1FC6CA20461}
		{C5C0C88B-1FF4-478D-B2A4-ECAAE141D7E0} = {02571869-22F1-42D3-B655-B5358E09B793}
		{D11C3312-3060-4327-9EDA-50863862A098} = {2E32AC25-4B53-4BCD-902A-1EE9141B4A82}
		{3B61E5D8-EB93-41BB-8E94-27BE47D7CF5E} = {B48397A0-B142-46DC-83B3-CDD64EA70885}
		{D6981F63-1A29-4602-B0A6-66DD5277E594} = {3A094FBC-A45F-4BFC-AAFD-D1FC6CA20461}
		{2E0D556B-0DFA-490A-AB0C-826FEDDB5B84} = {3A094FBC-A45F-4BFC-AAFD-D1FC6CA20461}
		{661E5F6D-AACD-4EE8-A2EB-562E8ADF7288} = {B48397A0-B142-46DC-83B3-CDD64EA70885}
		{AA508322-5AD5-4E1A-977C-1153A654C8AB} = {3A094FBC-A45F-4BFC-AAFD-D1FC6CA20461}
	EndGlobalSection
	GlobalSection(ExtensibilityGlobals) = postSolution
		SolutionGuid = {E1E2258C-B32C-438F-9055-8CF1C9595116}
	EndGlobalSection
EndGlobal
